
Microsoft Visual Studio Solution File, Format Version 12.00
# Visual Studio Version 17
VisualStudioVersion = 17.5.002.0
MinimumVisualStudioVersion = 10.0.40219.1
Project("{9A19103F-16F7-4668-BE54-9A1E7A4F7556}") = "Calculadora", "Calculadora.csproj", "{4A741E08-B9B0-4289-B176-A8BA1F8BCD4A}"
EndProject
Global
	GlobalSection(SolutionConfigurationPlatforms) = preSolution
		Debug|Any CPU = Debug|Any CPU
		Release|Any CPU = Release|Any CPU
	EndGlobalSection
	GlobalSection(ProjectConfigurationPlatforms) = postSolution
		{4A741E08-B9B0-4289-B176-A8BA1F8BCD4A}.Debug|Any CPU.ActiveCfg = Debug|Any CPU
		{4A741E08-B9B0-4289-B176-A8BA1F8BCD4A}.Debug|Any CPU.Build.0 = Debug|Any CPU
		{4A741E08-B9B0-4289-B176-A8BA1F8BCD4A}.Release|Any CPU.ActiveCfg = Release|Any CPU
		{4A741E08-B9B0-4289-B176-A8BA1F8BCD4A}.Release|Any CPU.Build.0 = Release|Any CPU
	EndGlobalSection
	GlobalSection(SolutionProperties) = preSolution
		HideSolutionNode = FALSE
	EndGlobalSection
	GlobalSection(ExtensibilityGlobals) = postSolution
		SolutionGuid = {616472D1-2434-4A87-937C-DA04C165E41F}
	EndGlobalSection
EndGlobal
